<?xml version="1.0" encoding="utf-8"?>
<Project ToolsVersion="4.0" xmlns="http://schemas.microsoft.com/developer/msbuild/2003">
  <ItemGroup>
    <Filter Include="Source Files">
      <UniqueIdentifier>{4FC737F1-C7A5-4376-A066-2A32D752A2FF}</UniqueIdentifier>
      <Extensions>cpp;c;cc;cxx;def;odl;idl;hpj;bat;asm;asmx</Extensions>
    </Filter>
    <Filter Include="Header Files">
      <UniqueIdentifier>{93995380-89BD-4b04-88EB-625FBE52EBFB}</UniqueIdentifier>
      <Extensions>h;hh;hpp;hxx;hm;inl;inc;xsd</Extensions>
    </Filter>
    <Filter Include="Resource Files">
      <UniqueIdentifier>{67DA6AB6-F800-4c08-8B7A-83BB121AAD01}</UniqueIdentifier>
      <Extensions>rc;ico;cur;bmp;dlg;rc2;rct;bin;rgs;gif;jpg;jpeg;jpe;resx;tiff;tif;png;wav;mfcribbon-ms</Extensions>
    </Filter>
    <Filter Include="Tested Files">
      <UniqueIdentifier>{535875b3-5181-41ab-91bc-60558b63ca87}</UniqueIdentifier>
    </Filter>
  </ItemGroup>
  <ItemGroup>
    <ClInclude Include="stdafx.h">
      <Filter>Header Files</Filter>
    </ClInclude>
    <ClInclude Include="targetver.h">
      <Filter>Header Files</Filter>
    </ClInclude>
    <ClInclude Include="..\salary\AddEmployeeTrans.h">
      <Filter>Header Files</Filter>
    </ClInclude>
    <ClInclude Include="..\salary\Employee.h">
      <Filter>Header Files</Filter>
    </ClInclude>
    <ClInclude Include="..\salary\EmployeeDatabase.h">
      <Filter>Header Files</Filter>
    </ClInclude>
    <ClInclude Include="..\salary\MailPayMethod.h">
      <Filter>Header Files</Filter>
    </ClInclude>
    <ClInclude Include="..\salary\PayMethod.h">
      <Filter>Header Files</Filter>
    </ClInclude>
    <ClInclude Include="..\salary\Transaction.h">
      <Filter>Header Files</Filter>
    </ClInclude>
    <ClInclude Include="..\salary\AddHourlyEmployeeTrans.h">
      <Filter>Header Files</Filter>
    </ClInclude>
    <ClInclude Include="..\salary\HourlyPayClassification.h">
      <Filter>Header Files</Filter>
    </ClInclude>
    <ClInclude Include="..\salary\HourlyPaySchedule.h">
      <Filter>Header Files</Filter>
    </ClInclude>
    <ClInclude Include="..\salary\PayClassification.h">
      <Filter>Header Files</Filter>
    </ClInclude>
    <ClInclude Include="..\salary\PaySchedule.h">
      <Filter>Header Files</Filter>
    </ClInclude>
    <ClInclude Include="..\salary\AddSalaryEmployeeTrans.h">
      <Filter>Header Files</Filter>
    </ClInclude>
    <ClInclude Include="..\salary\MonthlyPaySchedule.h">
      <Filter>Header Files</Filter>
    </ClInclude>
    <ClInclude Include="..\salary\SalaryPayClassification.h">
      <Filter>Header Files</Filter>
    </ClInclude>
    <ClInclude Include="..\salary\AddCommissionEmployeeTrans.h">
      <Filter>Header Files</Filter>
    </ClInclude>
    <ClInclude Include="..\salary\CommissionPayClassification.h">
      <Filter>Header Files</Filter>
    </ClInclude>
    <ClInclude Include="..\salary\CommissionPaySchedule.h">
      <Filter>Header Files</Filter>
    </ClInclude>
    <ClInclude Include="..\salary\DelEmployeeTrans.h">
      <Filter>Header Files</Filter>
    </ClInclude>
    <ClInclude Include="..\salary\ModifyEmployeeAddressTrans.h">
      <Filter>Header Files</Filter>
    </ClInclude>
    <ClInclude Include="..\salary\ModifyEmployeeNameTrans.h">
      <Filter>Header Files</Filter>
    </ClInclude>
    <ClInclude Include="..\salary\ModifyEmployeeTransaction.h">
      <Filter>Header Files</Filter>
    </ClInclude>
    <ClInclude Include="..\salary\ModifyEmployeeHourlyRateTrans.h">
      <Filter>Header Files</Filter>
    </ClInclude>
    <ClInclude Include="..\salary\ModifyEmployeeSalarylyRateTrans.h">
      <Filter>Header Files</Filter>
    </ClInclude>
    <ClInclude Include="..\salary\ModifyEmployeeCommissionlyRateTrans.h">
      <Filter>Header Files</Filter>
    </ClInclude>
    <ClInclude Include="..\salary\ModifyMailCheckTrans.h">
      <Filter>Header Files</Filter>
    </ClInclude>
    <ClInclude Include="..\salary\DirectPayMethod.h">
      <Filter>Header Files</Filter>
    </ClInclude>
    <ClInclude Include="..\salary\HoldPayMethod.h">
      <Filter>Header Files</Filter>
    </ClInclude>
    <ClInclude Include="..\salary\ModifyDirectPayTrans.h">
      <Filter>Header Files</Filter>
    </ClInclude>
    <ClInclude Include="..\salary\ModifyHoldCheckTrans.h">
      <Filter>Header Files</Filter>
    </ClInclude>
    <ClInclude Include="..\salary\Affiliation.h">
      <Filter>Header Files</Filter>
    </ClInclude>
    <ClInclude Include="..\salary\ModifyEmployeeMemberTrans.h">
      <Filter>Header Files</Filter>
    </ClInclude>
    <ClInclude Include="..\salary\ModifyEmployeeUnmemberTrans.h">
      <Filter>Header Files</Filter>
    </ClInclude>
    <ClInclude Include="..\salary\NoAffiliation.h">
      <Filter>Header Files</Filter>
    </ClInclude>
    <ClInclude Include="..\salary\UnionAffiliation.h">
      <Filter>Header Files</Filter>
    </ClInclude>
    <ClInclude Include="..\salary\AddTimeCardTrans.h">
      <Filter>Header Files</Filter>
    </ClInclude>
    <ClInclude Include="..\salary\Date.h">
      <Filter>Header Files</Filter>
    </ClInclude>
    <ClInclude Include="..\salary\AddSalesReceiptTrans.h">
      <Filter>Header Files</Filter>
    </ClInclude>
    <ClInclude Include="..\salary\AddServiceChargeTrans.h">
      <Filter>Header Files</Filter>
    </ClInclude>
    <ClInclude Include="..\salary\PayCheck.h">
      <Filter>Header Files</Filter>
    </ClInclude>
    <ClInclude Include="..\salary\PayDayTrans.h">
      <Filter>Header Files</Filter>
    </ClInclude>
  </ItemGroup>
  <ItemGroup>
    <ClCompile Include="stdafx.cpp">
      <Filter>Source Files</Filter>
    </ClCompile>
    <ClCompile Include="unittest1.cpp">
      <Filter>Source Files</Filter>
    </ClCompile>
    <ClCompile Include="..\salary\AddEmployeeTrans.cpp">
      <Filter>Source Files</Filter>
    </ClCompile>
    <ClCompile Include="..\salary\Employee.cpp">
      <Filter>Source Files</Filter>
    </ClCompile>
    <ClCompile Include="..\salary\EmployeeDatabase.cpp">
      <Filter>Source Files</Filter>
    </ClCompile>
    <ClCompile Include="..\salary\MailPayMethod.cpp">
      <Filter>Source Files</Filter>
    </ClCompile>
    <ClCompile Include="..\salary\PayMethod.cpp">
      <Filter>Source Files</Filter>
    </ClCompile>
    <ClCompile Include="..\salary\salary.cpp">
      <Filter>Source Files</Filter>
    </ClCompile>
    <ClCompile Include="..\salary\Transaction.cpp">
      <Filter>Source Files</Filter>
    </ClCompile>
    <ClCompile Include="..\salary\AddHourlyEmployeeTrans.cpp">
      <Filter>Source Files</Filter>
    </ClCompile>
    <ClCompile Include="..\salary\HourlyPayClassification.cpp">
      <Filter>Source Files</Filter>
    </ClCompile>
    <ClCompile Include="..\salary\HourlyPaySchedule.cpp">
      <Filter>Source Files</Filter>
    </ClCompile>
    <ClCompile Include="..\salary\PayClassification.cpp">
      <Filter>Source Files</Filter>
    </ClCompile>
    <ClCompile Include="..\salary\PaySchedule.cpp">
      <Filter>Source Files</Filter>
    </ClCompile>
    <ClCompile Include="..\salary\AddSalaryEmployeeTrans.cpp">
      <Filter>Source Files</Filter>
    </ClCompile>
    <ClCompile Include="..\salary\MonthlyPaySchedule.cpp">
      <Filter>Source Files</Filter>
    </ClCompile>
    <ClCompile Include="..\salary\SalaryPayClassification.cpp">
      <Filter>Source Files</Filter>
    </ClCompile>
    <ClCompile Include="..\salary\AddCommissionEmployeeTrans.cpp">
      <Filter>Source Files</Filter>
    </ClCompile>
    <ClCompile Include="..\salary\CommissionPayClassification.cpp">
      <Filter>Source Files</Filter>
    </ClCompile>
    <ClCompile Include="..\salary\CommissionPaySchedule.cpp">
      <Filter>Source Files</Filter>
    </ClCompile>
    <ClCompile Include="..\salary\DelEmployeeTrans.cpp">
      <Filter>Source Files</Filter>
    </ClCompile>
    <ClCompile Include="..\salary\ModifyEmployeeAddressTrans.cpp">
      <Filter>Source Files</Filter>
    </ClCompile>
    <ClCompile Include="..\salary\ModifyEmployeeNameTrans.cpp">
      <Filter>Source Files</Filter>
    </ClCompile>
    <ClCompile Include="..\salary\ModifyEmployeeTransaction.cpp">
      <Filter>Source Files</Filter>
    </ClCompile>
    <ClCompile Include="..\salary\ModifyEmployeeHourlyRateTrans.cpp">
      <Filter>Source Files</Filter>
    </ClCompile>
    <ClCompile Include="..\salary\ModifyEmployeeSalarylyRateTrans.cpp">
      <Filter>Source Files</Filter>
    </ClCompile>
    <ClCompile Include="..\salary\ModifyEmployeeCommissionlyRateTrans.cpp">
      <Filter>Source Files</Filter>
    </ClCompile>
    <ClCompile Include="..\salary\ModifyMailCheckTrans.cpp">
      <Filter>Source Files</Filter>
    </ClCompile>
    <ClCompile Include="..\salary\DirectPayMethod.cpp">
      <Filter>Source Files</Filter>
    </ClCompile>
    <ClCompile Include="..\salary\HoldPayMethod.cpp">
      <Filter>Source Files</Filter>
    </ClCompile>
    <ClCompile Include="..\salary\ModifyDirectPayTrans.cpp">
      <Filter>Source Files</Filter>
    </ClCompile>
    <ClCompile Include="..\salary\ModifyHoldCheckTrans.cpp">
      <Filter>Source Files</Filter>
    </ClCompile>
    <ClCompile Include="..\salary\Affiliation.cpp">
      <Filter>Source Files</Filter>
    </ClCompile>
    <ClCompile Include="..\salary\ModifyEmployeeMemberTrans.cpp">
      <Filter>Source Files</Filter>
    </ClCompile>
    <ClCompile Include="..\salary\ModifyEmployeeUnmemberTrans.cpp">
      <Filter>Source Files</Filter>
    </ClCompile>
    <ClCompile Include="..\salary\NoAffiliation.cpp">
      <Filter>Source Files</Filter>
    </ClCompile>
    <ClCompile Include="..\salary\UnionAffiliation.cpp">
      <Filter>Source Files</Filter>
    </ClCompile>
    <ClCompile Include="..\salary\AddTimeCardTrans.cpp">
      <Filter>Source Files</Filter>
    </ClCompile>
    <ClCompile Include="..\salary\Date.cpp">
      <Filter>Source Files</Filter>
    </ClCompile>
    <ClCompile Include="..\salary\AddSalesReceiptTrans.cpp">
      <Filter>Source Files</Filter>
    </ClCompile>
    <ClCompile Include="..\salary\AddServiceChargeTrans.cpp">
      <Filter>Source Files</Filter>
    </ClCompile>
    <ClCompile Include="..\salary\PayCheck.cpp">
      <Filter>Source Files</Filter>
    </ClCompile>
    <ClCompile Include="..\salary\PayDayTrans.cpp">
      <Filter>Source Files</Filter>
    </ClCompile>
  </ItemGroup>
</Project>