<?xml version="1.0" encoding="utf-8"?>
<Project ToolsVersion="4.0" xmlns="http://schemas.microsoft.com/developer/msbuild/2003">
  <ItemGroup>
    <Filter Include="Source Files">
      <UniqueIdentifier>{4FC737F1-C7A5-4376-A066-2A32D752A2FF}</UniqueIdentifier>
      <Extensions>cpp;c;cc;cxx;def;odl;idl;hpj;bat;asm;asmx</Extensions>
    </Filter>
    <Filter Include="Header Files">
      <UniqueIdentifier>{93995380-89BD-4b04-88EB-625FBE52EBFB}</UniqueIdentifier>
      <Extensions>h;hh;hpp;hxx;hm;inl;inc;xsd</Extensions>
    </Filter>
    <Filter Include="Resource Files">
      <UniqueIdentifier>{67DA6AB6-F800-4c08-8B7A-83BB121AAD01}</UniqueIdentifier>
      <Extensions>rc;ico;cur;bmp;dlg;rc2;rct;bin;rgs;gif;jpg;jpeg;jpe;resx;tiff;tif;png;wav;mfcribbon-ms</Extensions>
    </Filter>
  </ItemGroup>
  <ItemGroup>
    <Text Include="ReadMe.txt" />
  </ItemGroup>
  <ItemGroup>
    <ClInclude Include="stdafx.h">
      <Filter>Header Files</Filter>
    </ClInclude>
    <ClInclude Include="targetver.h">
      <Filter>Header Files</Filter>
    </ClInclude>
    <ClInclude Include="Transaction.h">
      <Filter>Header Files</Filter>
    </ClInclude>
    <ClInclude Include="AddEmployeeTrans.h">
      <Filter>Header Files</Filter>
    </ClInclude>
    <ClInclude Include="Employee.h">
      <Filter>Header Files</Filter>
    </ClInclude>
    <ClInclude Include="PayMethod.h">
      <Filter>Header Files</Filter>
    </ClInclude>
    <ClInclude Include="MailPayMethod.h">
      <Filter>Header Files</Filter>
    </ClInclude>
    <ClInclude Include="EmployeeDatabase.h">
      <Filter>Header Files</Filter>
    </ClInclude>
    <ClInclude Include="AddHourlyEmployeeTrans.h">
      <Filter>Header Files</Filter>
    </ClInclude>
    <ClInclude Include="PaySchedule.h">
      <Filter>Header Files</Filter>
    </ClInclude>
    <ClInclude Include="HourlyPaySchedule.h">
      <Filter>Header Files</Filter>
    </ClInclude>
    <ClInclude Include="PayClassification.h">
      <Filter>Header Files</Filter>
    </ClInclude>
    <ClInclude Include="HourlyPayClassification.h">
      <Filter>Header Files</Filter>
    </ClInclude>
    <ClInclude Include="AddSalaryEmployeeTrans.h">
      <Filter>Header Files</Filter>
    </ClInclude>
    <ClInclude Include="SalaryPayClassification.h">
      <Filter>Header Files</Filter>
    </ClInclude>
    <ClInclude Include="MonthlyPaySchedule.h">
      <Filter>Header Files</Filter>
    </ClInclude>
    <ClInclude Include="AddCommissionEmployeeTrans.h">
      <Filter>Header Files</Filter>
    </ClInclude>
    <ClInclude Include="CommissionPayClassification.h">
      <Filter>Header Files</Filter>
    </ClInclude>
    <ClInclude Include="CommissionPaySchedule.h">
      <Filter>Header Files</Filter>
    </ClInclude>
    <ClInclude Include="DelEmployeeTrans.h">
      <Filter>Header Files</Filter>
    </ClInclude>
    <ClInclude Include="ModifyEmployeeNameTrans.h">
      <Filter>Header Files</Filter>
    </ClInclude>
    <ClInclude Include="ModifyEmployeeTransaction.h">
      <Filter>Header Files</Filter>
    </ClInclude>
    <ClInclude Include="ModifyEmployeeAddressTrans.h">
      <Filter>Header Files</Filter>
    </ClInclude>
    <ClInclude Include="ModifyEmployeeHourlyRateTrans.h">
      <Filter>Header Files</Filter>
    </ClInclude>
    <ClInclude Include="ModifyEmployeeSalarylyRateTrans.h">
      <Filter>Header Files</Filter>
    </ClInclude>
    <ClInclude Include="ModifyEmployeeCommissionlyRateTrans.h">
      <Filter>Header Files</Filter>
    </ClInclude>
    <ClInclude Include="ModifyMailCheckTrans.h">
      <Filter>Header Files</Filter>
    </ClInclude>
    <ClInclude Include="ModifyHoldCheckTrans.h">
      <Filter>Header Files</Filter>
    </ClInclude>
    <ClInclude Include="HoldPayMethod.h">
      <Filter>Header Files</Filter>
    </ClInclude>
    <ClInclude Include="DirectPayMethod.h">
      <Filter>Header Files</Filter>
    </ClInclude>
    <ClInclude Include="ModifyDirectPayTrans.h">
      <Filter>Header Files</Filter>
    </ClInclude>
    <ClInclude Include="ModifyEmployeeMemberTrans.h">
      <Filter>Header Files</Filter>
    </ClInclude>
    <ClInclude Include="UnionAffiliation.h">
      <Filter>Header Files</Filter>
    </ClInclude>
    <ClInclude Include="Affiliation.h">
      <Filter>Header Files</Filter>
    </ClInclude>
    <ClInclude Include="NoAffiliation.h">
      <Filter>Header Files</Filter>
    </ClInclude>
    <ClInclude Include="ModifyEmployeeUnmemberTrans.h">
      <Filter>Header Files</Filter>
    </ClInclude>
    <ClInclude Include="Date.h">
      <Filter>Header Files</Filter>
    </ClInclude>
    <ClInclude Include="AddTimeCardTrans.h">
      <Filter>Header Files</Filter>
    </ClInclude>
    <ClInclude Include="AddSalesReceiptTrans.h">
      <Filter>Header Files</Filter>
    </ClInclude>
    <ClInclude Include="AddServiceChargeTrans.h">
      <Filter>Header Files</Filter>
    </ClInclude>
  </ItemGroup>
  <ItemGroup>
    <ClCompile Include="stdafx.cpp">
      <Filter>Source Files</Filter>
    </ClCompile>
    <ClCompile Include="salary.cpp">
      <Filter>Source Files</Filter>
    </ClCompile>
    <ClCompile Include="Transaction.cpp">
      <Filter>Source Files</Filter>
    </ClCompile>
    <ClCompile Include="AddEmployeeTrans.cpp">
      <Filter>Source Files</Filter>
    </ClCompile>
    <ClCompile Include="Employee.cpp">
      <Filter>Source Files</Filter>
    </ClCompile>
    <ClCompile Include="PayMethod.cpp">
      <Filter>Source Files</Filter>
    </ClCompile>
    <ClCompile Include="MailPayMethod.cpp">
      <Filter>Source Files</Filter>
    </ClCompile>
    <ClCompile Include="EmployeeDatabase.cpp">
      <Filter>Source Files</Filter>
    </ClCompile>
    <ClCompile Include="AddHourlyEmployeeTrans.cpp">
      <Filter>Source Files</Filter>
    </ClCompile>
    <ClCompile Include="PaySchedule.cpp">
      <Filter>Source Files</Filter>
    </ClCompile>
    <ClCompile Include="HourlyPaySchedule.cpp">
      <Filter>Source Files</Filter>
    </ClCompile>
    <ClCompile Include="PayClassification.cpp">
      <Filter>Source Files</Filter>
    </ClCompile>
    <ClCompile Include="HourlyPayClassification.cpp">
      <Filter>Source Files</Filter>
    </ClCompile>
    <ClCompile Include="AddSalaryEmployeeTrans.cpp">
      <Filter>Source Files</Filter>
    </ClCompile>
    <ClCompile Include="SalaryPayClassification.cpp">
      <Filter>Source Files</Filter>
    </ClCompile>
    <ClCompile Include="MonthlyPaySchedule.cpp">
      <Filter>Source Files</Filter>
    </ClCompile>
    <ClCompile Include="AddCommissionEmployeeTrans.cpp">
      <Filter>Source Files</Filter>
    </ClCompile>
    <ClCompile Include="CommissionPayClassification.cpp">
      <Filter>Source Files</Filter>
    </ClCompile>
    <ClCompile Include="CommissionPaySchedule.cpp">
      <Filter>Source Files</Filter>
    </ClCompile>
    <ClCompile Include="DelEmployeeTrans.cpp">
      <Filter>Source Files</Filter>
    </ClCompile>
    <ClCompile Include="ModifyEmployeeNameTrans.cpp">
      <Filter>Source Files</Filter>
    </ClCompile>
    <ClCompile Include="ModifyEmployeeTransaction.cpp">
      <Filter>Source Files</Filter>
    </ClCompile>
    <ClCompile Include="ModifyEmployeeAddressTrans.cpp">
      <Filter>Source Files</Filter>
    </ClCompile>
    <ClCompile Include="ModifyEmployeeHourlyRateTrans.cpp">
      <Filter>Source Files</Filter>
    </ClCompile>
    <ClCompile Include="ModifyEmployeeSalarylyRateTrans.cpp">
      <Filter>Source Files</Filter>
    </ClCompile>
    <ClCompile Include="ModifyEmployeeCommissionlyRateTrans.cpp">
      <Filter>Source Files</Filter>
    </ClCompile>
    <ClCompile Include="ModifyMailCheckTrans.cpp">
      <Filter>Source Files</Filter>
    </ClCompile>
    <ClCompile Include="ModifyHoldCheckTrans.cpp">
      <Filter>Source Files</Filter>
    </ClCompile>
    <ClCompile Include="HoldPayMethod.cpp">
      <Filter>Source Files</Filter>
    </ClCompile>
    <ClCompile Include="DirectPayMethod.cpp">
      <Filter>Source Files</Filter>
    </ClCompile>
    <ClCompile Include="ModifyDirectPayTrans.cpp">
      <Filter>Source Files</Filter>
    </ClCompile>
    <ClCompile Include="ModifyEmployeeMemberTrans.cpp">
      <Filter>Source Files</Filter>
    </ClCompile>
    <ClCompile Include="UnionAffiliation.cpp">
      <Filter>Source Files</Filter>
    </ClCompile>
    <ClCompile Include="Affiliation.cpp">
      <Filter>Source Files</Filter>
    </ClCompile>
    <ClCompile Include="NoAffiliation.cpp">
      <Filter>Source Files</Filter>
    </ClCompile>
    <ClCompile Include="ModifyEmployeeUnmemberTrans.cpp">
      <Filter>Source Files</Filter>
    </ClCompile>
    <ClCompile Include="Date.cpp">
      <Filter>Source Files</Filter>
    </ClCompile>
    <ClCompile Include="AddTimeCardTrans.cpp">
      <Filter>Source Files</Filter>
    </ClCompile>
    <ClCompile Include="AddSalesReceiptTrans.cpp">
      <Filter>Source Files</Filter>
    </ClCompile>
    <ClCompile Include="AddServiceChargeTrans.cpp">
      <Filter>Source Files</Filter>
    </ClCompile>
  </ItemGroup>
</Project>